
Microsoft Visual Studio Solution File, Format Version 12.00
# Visual Studio Version 17
VisualStudioVersion = 17.1.32228.430
MinimumVisualStudioVersion = 10.0.40219.1
Project("{9A19103F-16F7-4668-BE54-9A1E7A4F7556}") = "TaxService.Domain", "TaxService.Models\TaxService.Domain.csproj", "{3DAF8B54-570D-4402-8658-2FD3BA0BCBAC}"
EndProject
Project("{9A19103F-16F7-4668-BE54-9A1E7A4F7556}") = "TaxService.Application", "TaxService.DependencyInjection\TaxService.Application.csproj", "{624C8F02-B9A3-4D9A-82C3-F5BC9A50FE9F}"
EndProject
Project("{9A19103F-16F7-4668-BE54-9A1E7A4F7556}") = "TaxService.API", "TaxService.API\TaxService.API.csproj", "{E752BF9C-8ECE-4D51-8EA0-056F476BAF66}"
EndProject
Project("{9A19103F-16F7-4668-BE54-9A1E7A4F7556}") = "TaxService.Tests", "TaxService.Tests\TaxService.Tests.csproj", "{27D4797F-2CD7-4486-B6C3-CC994BDA1384}"
EndProject
Global
	GlobalSection(SolutionConfigurationPlatforms) = preSolution
		Debug|Any CPU = Debug|Any CPU
		Release|Any CPU = Release|Any CPU
	EndGlobalSection
	GlobalSection(ProjectConfigurationPlatforms) = postSolution
		{3DAF8B54-570D-4402-8658-2FD3BA0BCBAC}.Debug|Any CPU.ActiveCfg = Debug|Any CPU
		{3DAF8B54-570D-4402-8658-2FD3BA0BCBAC}.Debug|Any CPU.Build.0 = Debug|Any CPU
		{3DAF8B54-570D-4402-8658-2FD3BA0BCBAC}.Release|Any CPU.ActiveCfg = Release|Any CPU
		{3DAF8B54-570D-4402-8658-2FD3BA0BCBAC}.Release|Any CPU.Build.0 = Release|Any CPU
		{624C8F02-B9A3-4D9A-82C3-F5BC9A50FE9F}.Debug|Any CPU.ActiveCfg = Debug|Any CPU
		{624C8F02-B9A3-4D9A-82C3-F5BC9A50FE9F}.Debug|Any CPU.Build.0 = Debug|Any CPU
		{624C8F02-B9A3-4D9A-82C3-F5BC9A50FE9F}.Release|Any CPU.ActiveCfg = Release|Any CPU
		{624C8F02-B9A3-4D9A-82C3-F5BC9A50FE9F}.Release|Any CPU.Build.0 = Release|Any CPU
		{E752BF9C-8ECE-4D51-8EA0-056F476BAF66}.Debug|Any CPU.ActiveCfg = Debug|Any CPU
		{E752BF9C-8ECE-4D51-8EA0-056F476BAF66}.Debug|Any CPU.Build.0 = Debug|Any CPU
		{E752BF9C-8ECE-4D51-8EA0-056F476BAF66}.Release|Any CPU.ActiveCfg = Release|Any CPU
		{E752BF9C-8ECE-4D51-8EA0-056F476BAF66}.Release|Any CPU.Build.0 = Release|Any CPU
		{27D4797F-2CD7-4486-B6C3-CC994BDA1384}.Debug|Any CPU.ActiveCfg = Debug|Any CPU
		{27D4797F-2CD7-4486-B6C3-CC994BDA1384}.Debug|Any CPU.Build.0 = Debug|Any CPU
		{27D4797F-2CD7-4486-B6C3-CC994BDA1384}.Release|Any CPU.ActiveCfg = Release|Any CPU
		{27D4797F-2CD7-4486-B6C3-CC994BDA1384}.Release|Any CPU.Build.0 = Release|Any CPU
	EndGlobalSection
	GlobalSection(SolutionProperties) = preSolution
		HideSolutionNode = FALSE
	EndGlobalSection
	GlobalSection(ExtensibilityGlobals) = postSolution
		SolutionGuid = {DD4DFE3C-E15B-4E59-AEF9-75FD71EF4C8F}
	EndGlobalSection
EndGlobal
